
Microsoft Visual Studio Solution File, Format Version 12.00
Project("{FAE04EC0-301F-11D3-BF4B-00C04F79EFBC}") = "MBS-AUTHORIZATION.API", "MBS-AUTHORIZATION.API\MBS-AUTHORIZATION.API.csproj", "{73D1078E-492A-4B25-A0FE-3996CAF80A3E}"
EndProject
Project("{FAE04EC0-301F-11D3-BF4B-00C04F79EFBC}") = "MBS-AUTHORIZATION.Application", "MBS-AUTHORIZATION.Application\MBS-AUTHORIZATION.Application.csproj", "{FCA8C650-79E6-4F8F-832D-10371DCF5049}"
EndProject
Project("{FAE04EC0-301F-11D3-BF4B-00C04F79EFBC}") = "MBS_AUTHORIZATION.Contract", "MBS_AUTHORIZATION.Contract\MBS_AUTHORIZATION.Contract.csproj", "{1563CE71-0D9E-4C09-BA78-4046B43A8B70}"
EndProject
Project("{FAE04EC0-301F-11D3-BF4B-00C04F79EFBC}") = "MBS_AUTHORIZATION.Infrastructure", "MBS_AUTHORIZATION.Infrastructure\MBS_AUTHORIZATION.Infrastructure.csproj", "{593CABEE-78EC-4B06-8552-4E250F034E38}"
EndProject
Project("{FAE04EC0-301F-11D3-BF4B-00C04F79EFBC}") = "MBS_AUTHORIZATION.Presentation", "MBS_AUTHORIZATION.Presentation\MBS_AUTHORIZATION.Presentation.csproj", "{17868795-3357-46D4-B3F1-DCB64A65BEA9}"
EndProject
Global
	GlobalSection(SolutionConfigurationPlatforms) = preSolution
		Debug|Any CPU = Debug|Any CPU
		Release|Any CPU = Release|Any CPU
	EndGlobalSection
	GlobalSection(ProjectConfigurationPlatforms) = postSolution
		{73D1078E-492A-4B25-A0FE-3996CAF80A3E}.Debug|Any CPU.ActiveCfg = Debug|Any CPU
		{73D1078E-492A-4B25-A0FE-3996CAF80A3E}.Debug|Any CPU.Build.0 = Debug|Any CPU
		{73D1078E-492A-4B25-A0FE-3996CAF80A3E}.Release|Any CPU.ActiveCfg = Release|Any CPU
		{73D1078E-492A-4B25-A0FE-3996CAF80A3E}.Release|Any CPU.Build.0 = Release|Any CPU
		{FCA8C650-79E6-4F8F-832D-10371DCF5049}.Debug|Any CPU.ActiveCfg = Debug|Any CPU
		{FCA8C650-79E6-4F8F-832D-10371DCF5049}.Debug|Any CPU.Build.0 = Debug|Any CPU
		{FCA8C650-79E6-4F8F-832D-10371DCF5049}.Release|Any CPU.ActiveCfg = Release|Any CPU
		{FCA8C650-79E6-4F8F-832D-10371DCF5049}.Release|Any CPU.Build.0 = Release|Any CPU
		{1563CE71-0D9E-4C09-BA78-4046B43A8B70}.Debug|Any CPU.ActiveCfg = Debug|Any CPU
		{1563CE71-0D9E-4C09-BA78-4046B43A8B70}.Debug|Any CPU.Build.0 = Debug|Any CPU
		{1563CE71-0D9E-4C09-BA78-4046B43A8B70}.Release|Any CPU.ActiveCfg = Release|Any CPU
		{1563CE71-0D9E-4C09-BA78-4046B43A8B70}.Release|Any CPU.Build.0 = Release|Any CPU
		{593CABEE-78EC-4B06-8552-4E250F034E38}.Debug|Any CPU.ActiveCfg = Debug|Any CPU
		{593CABEE-78EC-4B06-8552-4E250F034E38}.Debug|Any CPU.Build.0 = Debug|Any CPU
		{593CABEE-78EC-4B06-8552-4E250F034E38}.Release|Any CPU.ActiveCfg = Release|Any CPU
		{593CABEE-78EC-4B06-8552-4E250F034E38}.Release|Any CPU.Build.0 = Release|Any CPU
		{17868795-3357-46D4-B3F1-DCB64A65BEA9}.Debug|Any CPU.ActiveCfg = Debug|Any CPU
		{17868795-3357-46D4-B3F1-DCB64A65BEA9}.Debug|Any CPU.Build.0 = Debug|Any CPU
		{17868795-3357-46D4-B3F1-DCB64A65BEA9}.Release|Any CPU.ActiveCfg = Release|Any CPU
		{17868795-3357-46D4-B3F1-DCB64A65BEA9}.Release|Any CPU.Build.0 = Release|Any CPU
	EndGlobalSection
EndGlobal
